
Microsoft Visual Studio Solution File, Format Version 12.00
# Visual Studio Version 17
VisualStudioVersion = 17.12.35506.116 d17.12
MinimumVisualStudioVersion = 10.0.40219.1
Project("{FAE04EC0-301F-11D3-BF4B-00C04F79EFBC}") = "Test.Api", "Test.Api\Test.Api.csproj", "{A342D45D-FD58-448D-A3AF-A652197813C0}"
EndProject
Project("{FAE04EC0-301F-11D3-BF4B-00C04F79EFBC}") = "Test.Core", "Test.Core\Test.Core.csproj", "{87E94774-E51D-4522-8C0A-2B944A842105}"
EndProject
Project("{FAE04EC0-301F-11D3-BF4B-00C04F79EFBC}") = "Test.Infrastructure", "Test.Infrastructure\Test.Infrastructure.csproj", "{7366445E-06FB-4E2E-A7C9-E12CC122CD5E}"
EndProject
Global
	GlobalSection(SolutionConfigurationPlatforms) = preSolution
		Debug|Any CPU = Debug|Any CPU
		Release|Any CPU = Release|Any CPU
	EndGlobalSection
	GlobalSection(ProjectConfigurationPlatforms) = postSolution
		{A342D45D-FD58-448D-A3AF-A652197813C0}.Debug|Any CPU.ActiveCfg = Debug|Any CPU
		{A342D45D-FD58-448D-A3AF-A652197813C0}.Debug|Any CPU.Build.0 = Debug|Any CPU
		{A342D45D-FD58-448D-A3AF-A652197813C0}.Release|Any CPU.ActiveCfg = Release|Any CPU
		{A342D45D-FD58-448D-A3AF-A652197813C0}.Release|Any CPU.Build.0 = Release|Any CPU
		{87E94774-E51D-4522-8C0A-2B944A842105}.Debug|Any CPU.ActiveCfg = Debug|Any CPU
		{87E94774-E51D-4522-8C0A-2B944A842105}.Debug|Any CPU.Build.0 = Debug|Any CPU
		{87E94774-E51D-4522-8C0A-2B944A842105}.Release|Any CPU.ActiveCfg = Release|Any CPU
		{87E94774-E51D-4522-8C0A-2B944A842105}.Release|Any CPU.Build.0 = Release|Any CPU
		{7366445E-06FB-4E2E-A7C9-E12CC122CD5E}.Debug|Any CPU.ActiveCfg = Debug|Any CPU
		{7366445E-06FB-4E2E-A7C9-E12CC122CD5E}.Debug|Any CPU.Build.0 = Debug|Any CPU
		{7366445E-06FB-4E2E-A7C9-E12CC122CD5E}.Release|Any CPU.ActiveCfg = Release|Any CPU
		{7366445E-06FB-4E2E-A7C9-E12CC122CD5E}.Release|Any CPU.Build.0 = Release|Any CPU
	EndGlobalSection
	GlobalSection(SolutionProperties) = preSolution
		HideSolutionNode = FALSE
	EndGlobalSection
EndGlobal
